Microsoft Visual Studio Solution File, Format Version 12.00
# Visual Studio Version 18
VisualStudioVersion = 18.9.12023.133
MinimumVisualStudioVersion = 10.0.40219.1
Project("{9A19103F-16F7-4668-BE54-9A1E7A4F7556}") = "OrishaTest.Api", "OrishaTest.Api\OrishaTest.Api.csproj", "{BDF46332-1441-4B40-B79F-7C3B6C67B07A}"
EndProject
Project("{9A19103F-16F7-4668-BE54-9A1E7A4F7556}") = "OrishaTest.Domain", "OrishaTest.Domain\OrishaTest.Domain.csproj", "{48562C2C-E6CF-4D12-B2A9-B235468188F6}"
EndProject
Project("{9A19103F-16F7-4668-BE54-9A1E7A4F7556}") = "OrishaTest.Infrastructure", "OrishaTest.Infrastructure\OrishaTest.Infrastructure.csproj", "{09C8BD6D-1D56-44FE-8667-7A78AD8290D6}"
EndProject
Project("{9A19103F-16F7-4668-BE54-9A1E7A4F7556}") = "OrishaTest.Application", "OrishaTest.Application\OrishaTest.Application.csproj", "{ED393D5C-5BD9-4618-BE7A-E98E451B4E11}"
EndProject
Project("{E53339B2-1760-4266-BCC7-CA923CBCF16C}") = "docker-compose", "docker-compose.dcproj", "{A3F5C2D1-7B8E-4C9A-9D0E-1F2A3B4C5D6E}"
EndProject
Project("{FAE04EC0-301F-11D3-BF4B-00C04F79EFBC}") = "OrishaTest.XUnitTests", "OrishaTest.XUnitTests\OrishaTest.XUnitTests.csproj", "{0EDC2714-3AB0-4EE7-8F50-B39DF6845F38}"
EndProject
Global
	GlobalSection(SolutionConfigurationPlatforms) = preSolution
		Debug|Any CPU = Debug|Any CPU
		Release|Any CPU = Release|Any CPU
	EndGlobalSection
	GlobalSection(ProjectConfigurationPlatforms) = postSolution
		{BDF46332-1441-4B40-B79F-7C3B6C67B07A}.Debug|Any CPU.ActiveCfg = Debug|Any CPU
		{BDF46332-1441-4B40-B79F-7C3B6C67B07A}.Debug|Any CPU.Build.0 = Debug|Any CPU
		{BDF46332-1441-4B40-B79F-7C3B6C67B07A}.Release|Any CPU.ActiveCfg = Release|Any CPU
		{BDF46332-1441-4B40-B79F-7C3B6C67B07A}.Release|Any CPU.Build.0 = Release|Any CPU
		{48562C2C-E6CF-4D12-B2A9-B235468188F6}.Debug|Any CPU.ActiveCfg = Debug|Any CPU
		{48562C2C-E6CF-4D12-B2A9-B235468188F6}.Debug|Any CPU.Build.0 = Debug|Any CPU
		{48562C2C-E6CF-4D12-B2A9-B235468188F6}.Release|Any CPU.ActiveCfg = Release|Any CPU
		{48562C2C-E6CF-4D12-B2A9-B235468188F6}.Release|Any CPU.Build.0 = Release|Any CPU
		{09C8BD6D-1D56-44FE-8667-7A78AD8290D6}.Debug|Any CPU.ActiveCfg = Debug|Any CPU
		{09C8BD6D-1D56-44FE-8667-7A78AD8290D6}.Debug|Any CPU.Build.0 = Debug|Any CPU
		{09C8BD6D-1D56-44FE-8667-7A78AD8290D6}.Release|Any CPU.ActiveCfg = Release|Any CPU
		{09C8BD6D-1D56-44FE-8667-7A78AD8290D6}.Release|Any CPU.Build.0 = Release|Any CPU
		{ED393D5C-5BD9-4618-BE7A-E98E451B4E11}.Debug|Any CPU.ActiveCfg = Debug|Any CPU
		{ED393D5C-5BD9-4618-BE7A-E98E451B4E11}.Debug|Any CPU.Build.0 = Debug|Any CPU
		{ED393D5C-5BD9-4618-BE7A-E98E451B4E11}.Release|Any CPU.ActiveCfg = Release|Any CPU
		{ED393D5C-5BD9-4618-BE7A-E98E451B4E11}.Release|Any CPU.Build.0 = Release|Any CPU
		{A3F5C2D1-7B8E-4C9A-9D0E-1F2A3B4C5D6E}.Debug|Any CPU.ActiveCfg = Debug|Any CPU
		{A3F5C2D1-7B8E-4C9A-9D0E-1F2A3B4C5D6E}.Debug|Any CPU.Build.0 = Debug|Any CPU
		{A3F5C2D1-7B8E-4C9A-9D0E-1F2A3B4C5D6E}.Release|Any CPU.ActiveCfg = Release|Any CPU
		{A3F5C2D1-7B8E-4C9A-9D0E-1F2A3B4C5D6E}.Release|Any CPU.Build.0 = Release|Any CPU
		{0EDC2714-3AB0-4EE7-8F50-B39DF6845F38}.Debug|Any CPU.ActiveCfg = Debug|Any CPU
		{0EDC2714-3AB0-4EE7-8F50-B39DF6845F38}.Debug|Any CPU.Build.0 = Debug|Any CPU
		{0EDC2714-3AB0-4EE7-8F50-B39DF6845F38}.Release|Any CPU.ActiveCfg = Release|Any CPU
		{0EDC2714-3AB0-4EE7-8F50-B39DF6845F38}.Release|Any CPU.Build.0 = Release|Any CPU
	EndGlobalSection
	GlobalSection(SolutionProperties) = preSolution
		HideSolutionNode = FALSE
	EndGlobalSection
	GlobalSection(ExtensibilityGlobals) = postSolution
		SolutionGuid = {5E281AA1-2DF4-4DB0-8445-4CD73E90FFBB}
	EndGlobalSection
EndGlobal
